
Microsoft Visual Studio Solution File, Format Version 12.00
# Visual Studio Version 16
VisualStudioVersion = 16.0.30523.141
MinimumVisualStudioVersion = 10.0.40219.1
Project("{FAE04EC0-301F-11D3-BF4B-00C04F79EFBC}") = "AuthenticationAndAuthorization", "AuthenticationAndAuthorization\AuthenticationAndAuthorization.csproj", "{F88DB653-DB0B-47F0-A28E-151383DE69A7}"
EndProject
Global
	GlobalSection(SolutionConfigurationPlatforms) = preSolution
		Debug|Any CPU = Debug|Any CPU
		Release|Any CPU = Release|Any CPU
	EndGlobalSection
	GlobalSection(ProjectConfigurationPlatforms) = postSolution
		{F88DB653-DB0B-47F0-A28E-151383DE69A7}.Debug|Any CPU.ActiveCfg = Debug|Any CPU
		{F88DB653-DB0B-47F0-A28E-151383DE69A7}.Debug|Any CPU.Build.0 = Debug|Any CPU
		{F88DB653-DB0B-47F0-A28E-151383DE69A7}.Release|Any CPU.ActiveCfg = Release|Any CPU
		{F88DB653-DB0B-47F0-A28E-151383DE69A7}.Release|Any CPU.Build.0 = Release|Any CPU
	EndGlobalSection
	GlobalSection(SolutionProperties) = preSolution
		HideSolutionNode = FALSE
	EndGlobalSection
	GlobalSection(ExtensibilityGlobals) = postSolution
		SolutionGuid = {607C0349-314E-4A04-B711-FEF9AFFF858F}
	EndGlobalSection
EndGlobal
